{
  "name": "online-bookstore-frontend",
  "version": "1.0.0",
  "lockfileVersion": 2,
  "requires": true,
  "packages": {
    "": {
      "name": "online-bookstore-frontend",
      "version": "1.0.0",
      "dependencies": {
        "axios": "^0.27.2",
        "react": "^18.2.0",
        "react-dom": "^18.2.0",
        "react-scripts": "5.0.1"
      }
    },
    "node_modules/axios": {
      "version": "0.27.2",
      "resolved": "https://registry.npmjs.org/axios/-/axios-0.27.2.tgz",
      "integrity": "sha512-Djl7nZoHnHVUJjKzPR08t6XbxKJzMZP9U+6H4Fd6GxVoP2Y1x8N8obErT2O3JOT6QO+6X0pWGbUl0lFZLJ8Gog=="
    },
    "node_modules/react": {
      "version": "18.2.0",
      "resolved": "https://registry.npmjs.org/react/-/react-18.2.0.tgz",
      "integrity": "sha512-XA9g0PRZFsW+1pZJStnHgUdHNVcJkA+X8j6nA8XUJrx8LpTqkW7z+PLUeH8lSBX4VZ/oKkd3L0kdQAiKgKvBQ=="
    },
    "node_modules/react-dom": {
      "version": "18.2.0",
      "resolved": "https://registry.npmjs.org/react-dom/-/react-dom-18.2.0.tgz",
      "integrity": "sha512-NFgLrxJ7sBF27TC6YtRbkQ36Sa3k/N2n0cUO29Ejl28YwMlYmA5ihn4YRUuKoNlFTKw/cAHbT5A/yQLsZkFH4g=="
    },
    "node_modules/react-scripts": {
      "version": "5.0.1",
      "resolved": "https://registry.npmjs.org/react-scripts/-/react-scripts-5.0.1.tgz",
      "integrity": "sha512-b7Kkv6kQbu5C0Jll7MsmV3alVrODKDJF7xEluZajEJQkjZyZTzQ5bkbqUG04VqIA1HFsziC/6NF+uvd3Amn3Cw=="
    }
  }
}